
Microsoft Visual Studio Solution File, Format Version 12.00
# Visual Studio Version 17
VisualStudioVersion = 17.11.35327.3
MinimumVisualStudioVersion = 10.0.40219.1
Project("{9A19103F-16F7-4668-BE54-9A1E7A4F7556}") = "LabTool", "LabTool\LabTool.csproj", "{1A4971CE-817C-46DE-92DB-A1ECC7F9BF9C}"
EndProject
Global
	GlobalSection(SolutionConfigurationPlatforms) = preSolution
		Debug|Any CPU = Debug|Any CPU
		Release|Any CPU = Release|Any CPU
	EndGlobalSection
	GlobalSection(ProjectConfigurationPlatforms) = postSolution
		{1A4971CE-817C-46DE-92DB-A1ECC7F9BF9C}.Debug|Any CPU.ActiveCfg = Debug|Any CPU
		{1A4971CE-817C-46DE-92DB-A1ECC7F9BF9C}.Debug|Any CPU.Build.0 = Debug|Any CPU
		{1A4971CE-817C-46DE-92DB-A1ECC7F9BF9C}.Release|Any CPU.ActiveCfg = Release|Any CPU
		{1A4971CE-817C-46DE-92DB-A1ECC7F9BF9C}.Release|Any CPU.Build.0 = Release|Any CPU
	EndGlobalSection
	GlobalSection(SolutionProperties) = preSolution
		HideSolutionNode = FALSE
	EndGlobalSection
	GlobalSection(ExtensibilityGlobals) = postSolution
		SolutionGuid = {6F87B232-D33B-4AEF-A329-AFFABEDDFB1F}
	EndGlobalSection
EndGlobal
